
Microsoft Visual Studio Solution File, Format Version 12.00
# Visual Studio Version 17
VisualStudioVersion = 17.5.002.0
MinimumVisualStudioVersion = 10.0.40219.1
Project("{9A19103F-16F7-4668-BE54-9A1E7A4F7556}") = "dotnet-rpg", "dotnet-rpg.csproj", "{9180A0AF-A7FE-4C94-BBFF-C3B656E42062}"
EndProject
Global
	GlobalSection(SolutionConfigurationPlatforms) = preSolution
		Debug|Any CPU = Debug|Any CPU
		Release|Any CPU = Release|Any CPU
	EndGlobalSection
	GlobalSection(ProjectConfigurationPlatforms) = postSolution
		{9180A0AF-A7FE-4C94-BBFF-C3B656E42062}.Debug|Any CPU.ActiveCfg = Debug|Any CPU
		{9180A0AF-A7FE-4C94-BBFF-C3B656E42062}.Debug|Any CPU.Build.0 = Debug|Any CPU
		{9180A0AF-A7FE-4C94-BBFF-C3B656E42062}.Release|Any CPU.ActiveCfg = Release|Any CPU
		{9180A0AF-A7FE-4C94-BBFF-C3B656E42062}.Release|Any CPU.Build.0 = Release|Any CPU
	EndGlobalSection
	GlobalSection(SolutionProperties) = preSolution
		HideSolutionNode = FALSE
	EndGlobalSection
	GlobalSection(ExtensibilityGlobals) = postSolution
		SolutionGuid = {8E4F474A-38A5-4748-8F14-49E2F0E860A3}
	EndGlobalSection
EndGlobal
